// !$*UTF8*$!
{
	archiveVersion = 1;
	classes = {
	};
	objectVersion = 56;
	objects = {

/* Begin PBXBuildFile section */
		8A2B56362A46B10F00366382 /* AppDelegate.swift in Sources */ = {isa = PBXBuildFile; fileRef = 8A2B56352A46B10F00366382 /* AppDelegate.swift */; };
		8A2B56382A46B10F00366382 /* SceneDelegate.swift in Sources */ = {isa = PBXBuildFile; fileRef = 8A2B56372A46B10F00366382 /* SceneDelegate.swift */; };
		8A2B563A2A46B10F00366382 /* ViewController.swift in Sources */ = {isa = PBXBuildFile; fileRef = 8A2B56392A46B10F00366382 /* ViewController.swift */; };
		8A2B563D2A46B10F00366382 /* Main.storyboard in Resources */ = {isa = PBXBuildFile; fileRef = 8A2B563B2A46B10F00366382 /* Main.storyboard */; };
		8A2B563F2A46B11100366382 /* Assets.xcassets in Resources */ = {isa = PBXBuildFile; fileRef = 8A2B563E2A46B11100366382 /* Assets.xcassets */; };
		8A2B56422A46B11100366382 /* LaunchScreen.storyboard in Resources */ = {isa = PBXBuildFile; fileRef = 8A2B56402A46B11100366382 /* LaunchScreen.storyboard */; };
		8A2B564D2A46B11100366382 /* Movie_Gallery_iOSTests.swift in Sources */ = {isa = PBXBuildFile; fileRef = 8A2B564C2A46B11100366382 /* Movie_Gallery_iOSTests.swift */; };
		8A2B56572A46B11100366382 /* Movie_Gallery_iOSUITests.swift in Sources */ = {isa = PBXBuildFile; fileRef = 8A2B56562A46B11100366382 /* Movie_Gallery_iOSUITests.swift */; };
		8A2B56592A46B11100366382 /* Movie_Gallery_iOSUITestsLaunchTests.swift in Sources */ = {isa = PBXBuildFile; fileRef = 8A2B56582A46B11100366382 /* Movie_Gallery_iOSUITestsLaunchTests.swift */; };
		8A53F40F2A4D4A8B002174C9 /* ApiService.swift in Sources */ = {isa = PBXBuildFile; fileRef = 8A53F40E2A4D4A8A002174C9 /* ApiService.swift */; };
		8A53F4132A4D5CD6002174C9 /* MovieTableViewCell.swift in Sources */ = {isa = PBXBuildFile; fileRef = 8A53F4122A4D5CD6002174C9 /* MovieTableViewCell.swift */; };
		8A53F4152A4D8E52002174C9 /* MovieDetailViewController.swift in Sources */ = {isa = PBXBuildFile; fileRef = 8A53F4142A4D8E52002174C9 /* MovieDetailViewController.swift */; };
		8A53F4172A4DB3DA002174C9 /* SearchMovieViewController.swift in Sources */ = {isa = PBXBuildFile; fileRef = 8A53F4162A4DB3DA002174C9 /* SearchMovieViewController.swift */; };
		8A53F4192A4DBAF4002174C9 /* SearchMovieTableViewCell.swift in Sources */ = {isa = PBXBuildFile; fileRef = 8A53F4182A4DBAF4002174C9 /* SearchMovieTableViewCell.swift */; };
		8AA382A72A49C01F00429905 /* Constants.swift in Sources */ = {isa = PBXBuildFile; fileRef = 8AA382A62A49C01F00429905 /* Constants.swift */; };
		8AA382A92A49C10F00429905 /* MovieModel.swift in Sources */ = {isa = PBXBuildFile; fileRef = 8AA382A82A49C10F00429905 /* MovieModel.swift */; };
/* End PBXBuildFile section */

/* Begin PBXContainerItemProxy section */
		8A2B56492A46B11100366382 /* PBXContainerItemProxy */ = {
			isa = PBXContainerItemProxy;
			containerPortal = 8A2B562A2A46B10E00366382 /* Project object */;
			proxyType = 1;
			remoteGlobalIDString = 8A2B56312A46B10E00366382;
			remoteInfo = "Movie Gallery iOS";
		};
		8A2B56532A46B11100366382 /* PBXContainerItemProxy */ = {
			isa = PBXContainerItemProxy;
			containerPortal = 8A2B562A2A46B10E00366382 /* Project object */;
			proxyType = 1;
			remoteGlobalIDString = 8A2B56312A46B10E00366382;
			remoteInfo = "Movie Gallery iOS";
		};
/* End PBXContainerItemProxy section */

/* Begin PBXFileReference section */
		8A2B56322A46B10F00366382 /* Movie Gallery iOS.app */ = {isa = PBXFileReference; explicitFileType = wrapper.application; includeInIndex = 0; path = "Movie Gallery iOS.app"; sourceTree = BUILT_PRODUCTS_DIR; };
		8A2B56352A46B10F00366382 /* AppDelegate.swift */ = {isa = PBXFileReference; lastKnownFileType = sourcecode.swift; path = AppDelegate.swift; sourceTree = "<group>"; };
		8A2B56372A46B10F00366382 /* SceneDelegate.swift */ = {isa = PBXFileReference; lastKnownFileType = sourcecode.swift; path = SceneDelegate.swift; sourceTree = "<group>"; };
		8A2B56392A46B10F00366382 /* ViewController.swift */ = {isa = PBXFileReference; lastKnownFileType = sourcecode.swift; path = ViewController.swift; sourceTree = "<group>"; };
		8A2B563C2A46B10F00366382 /* Base */ = {isa = PBXFileReference; lastKnownFileType = file.storyboard; name = Base; path = Base.lproj/Main.storyboard; sourceTree = "<group>"; };
		8A2B563E2A46B11100366382 /* Assets.xcassets */ = {isa = PBXFileReference; lastKnownFileType = folder.assetcatalog; path = Assets.xcassets; sourceTree = "<group>"; };
		8A2B56412A46B11100366382 /* Base */ = {isa = PBXFileReference; lastKnownFileType = file.storyboard; name = Base; path = Base.lproj/LaunchScreen.storyboard; sourceTree = "<group>"; };
		8A2B56432A46B11100366382 /* Info.plist */ = {isa = PBXFileReference; lastKnownFileType = text.plist.xml; path = Info.plist; sourceTree = "<group>"; };
		8A2B56482A46B11100366382 /* Movie Gallery iOSTests.xctest */ = {isa = PBXFileReference; explicitFileType = wrapper.cfbundle; includeInIndex = 0; path = "Movie Gallery iOSTests.xctest"; sourceTree = BUILT_PRODUCTS_DIR; };
		8A2B564C2A46B11100366382 /* Movie_Gallery_iOSTests.swift */ = {isa = PBXFileReference; lastKnownFileType = sourcecode.swift; path = Movie_Gallery_iOSTests.swift; sourceTree = "<group>"; };
		8A2B56522A46B11100366382 /* Movie Gallery iOSUITests.xctest */ = {isa = PBXFileReference; explicitFileType = wrapper.cfbundle; includeInIndex = 0; path = "Movie Gallery iOSUITests.xctest"; sourceTree = BUILT_PRODUCTS_DIR; };
		8A2B56562A46B11100366382 /* Movie_Gallery_iOSUITests.swift */ = {isa = PBXFileReference; lastKnownFileType = sourcecode.swift; path = Movie_Gallery_iOSUITests.swift; sourceTree = "<group>"; };
		8A2B56582A46B11100366382 /* Movie_Gallery_iOSUITestsLaunchTests.swift */ = {isa = PBXFileReference; lastKnownFileType = sourcecode.swift; path = Movie_Gallery_iOSUITestsLaunchTests.swift; sourceTree = "<group>"; };
		8A53F40E2A4D4A8A002174C9 /* ApiService.swift */ = {isa = PBXFileReference; lastKnownFileType = sourcecode.swift; path = ApiService.swift; sourceTree = "<group>"; };
		8A53F4122A4D5CD6002174C9 /* MovieTableViewCell.swift */ = {isa = PBXFileReference; lastKnownFileType = sourcecode.swift; path = MovieTableViewCell.swift; sourceTree = "<group>"; };
		8A53F4142A4D8E52002174C9 /* MovieDetailViewController.swift */ = {isa = PBXFileReference; lastKnownFileType = sourcecode.swift; path = MovieDetailViewController.swift; sourceTree = "<group>"; };
		8A53F4162A4DB3DA002174C9 /* SearchMovieViewController.swift */ = {isa = PBXFileReference; lastKnownFileType = sourcecode.swift; path = SearchMovieViewController.swift; sourceTree = "<group>"; };
		8A53F4182A4DBAF4002174C9 /* SearchMovieTableViewCell.swift */ = {isa = PBXFileReference; lastKnownFileType = sourcecode.swift; path = SearchMovieTableViewCell.swift; sourceTree = "<group>"; };
		8AA382A62A49C01F00429905 /* Constants.swift */ = {isa = PBXFileReference; lastKnownFileType = sourcecode.swift; path = Constants.swift; sourceTree = "<group>"; };
		8AA382A82A49C10F00429905 /* MovieModel.swift */ = {isa = PBXFileReference; lastKnownFileType = sourcecode.swift; path = MovieModel.swift; sourceTree = "<group>"; };
/* End PBXFileReference section */

/* Begin PBXFrameworksBuildPhase section */
		8A2B562F2A46B10E00366382 /* Frameworks */ = {
			isa = PBXFrameworksBuildPhase;
			buildActionMask = 2147483647;
			files = (
			);
			runOnlyForDeploymentPostprocessing = 0;
		};
		8A2B56452A46B11100366382 /* Frameworks */ = {
			isa = PBXFrameworksBuildPhase;
			buildActionMask = 2147483647;
			files = (
			);
			runOnlyForDeploymentPostprocessing = 0;
		};
		8A2B564F2A46B11100366382 /* Frameworks */ = {
			isa = PBXFrameworksBuildPhase;
			buildActionMask = 2147483647;
			files = (
			);
			runOnlyForDeploymentPostprocessing = 0;
		};
/* End PBXFrameworksBuildPhase section */

/* Begin PBXGroup section */
		8A2B56292A46B10E00366382 = {
			isa = PBXGroup;
			children = (
				8A2B56342A46B10F00366382 /* Movie Gallery iOS */,
				8A2B564B2A46B11100366382 /* Movie Gallery iOSTests */,
				8A2B56552A46B11100366382 /* Movie Gallery iOSUITests */,
				8A2B56332A46B10F00366382 /* Products */,
			);
			sourceTree = "<group>";
		};
		8A2B56332A46B10F00366382 /* Products */ = {
			isa = PBXGroup;
			children = (
				8A2B56322A46B10F00366382 /* Movie Gallery iOS.app */,
				8A2B56482A46B11100366382 /* Movie Gallery iOSTests.xctest */,
				8A2B56522A46B11100366382 /* Movie Gallery iOSUITests.xctest */,
			);
			name = Products;
			sourceTree = "<group>";
		};
		8A2B56342A46B10F00366382 /* Movie Gallery iOS */ = {
			isa = PBXGroup;
			children = (
				8AA382A52A49BF9400429905 /* Controller */,
				8AA382A22A49BF7600429905 /* Models */,
				8AA382A12A49BF4300429905 /* Api */,
				8A2B56352A46B10F00366382 /* AppDelegate.swift */,
				8A2B56372A46B10F00366382 /* SceneDelegate.swift */,
				8A53F4122A4D5CD6002174C9 /* MovieTableViewCell.swift */,
				8A53F4182A4DBAF4002174C9 /* SearchMovieTableViewCell.swift */,
				8A2B563B2A46B10F00366382 /* Main.storyboard */,
				8A2B563E2A46B11100366382 /* Assets.xcassets */,
				8A2B56402A46B11100366382 /* LaunchScreen.storyboard */,
				8A2B56432A46B11100366382 /* Info.plist */,
				8AA382A62A49C01F00429905 /* Constants.swift */,
			);
			path = "Movie Gallery iOS";
			sourceTree = "<group>";
		};
		8A2B564B2A46B11100366382 /* Movie Gallery iOSTests */ = {
			isa = PBXGroup;
			children = (
				8A2B564C2A46B11100366382 /* Movie_Gallery_iOSTests.swift */,
			);
			path = "Movie Gallery iOSTests";
			sourceTree = "<group>";
		};
		8A2B56552A46B11100366382 /* Movie Gallery iOSUITests */ = {
			isa = PBXGroup;
			children = (
				8A2B56562A46B11100366382 /* Movie_Gallery_iOSUITests.swift */,
				8A2B56582A46B11100366382 /* Movie_Gallery_iOSUITestsLaunchTests.swift */,
			);
			path = "Movie Gallery iOSUITests";
			sourceTree = "<group>";
		};
		8AA382A12A49BF4300429905 /* Api */ = {
			isa = PBXGroup;
			children = (
				8A53F40E2A4D4A8A002174C9 /* ApiService.swift */,
			);
			path = Api;
			sourceTree = "<group>";
		};
		8AA382A22A49BF7600429905 /* Models */ = {
			isa = PBXGroup;
			children = (
				8AA382A82A49C10F00429905 /* MovieModel.swift */,
			);
			path = Models;
			sourceTree = "<group>";
		};
		8AA382A52A49BF9400429905 /* Controller */ = {
			isa = PBXGroup;
			children = (
				8A2B56392A46B10F00366382 /* ViewController.swift */,
				8A53F4142A4D8E52002174C9 /* MovieDetailViewController.swift */,
				8A53F4162A4DB3DA002174C9 /* SearchMovieViewController.swift */,
			);
			path = Controller;
			sourceTree = "<group>";
		};
/* End PBXGroup section */

/* Begin PBXNativeTarget section */
		8A2B56312A46B10E00366382 /* Movie Gallery iOS */ = {
			isa = PBXNativeTarget;
			buildConfigurationList = 8A2B565C2A46B11100366382 /* Build configuration list for PBXNativeTarget "Movie Gallery iOS" */;
			buildPhases = (
				8A2B562E2A46B10E00366382 /* Sources */,
				8A2B562F2A46B10E00366382 /* Frameworks */,
				8A2B56302A46B10E00366382 /* Resources */,
			);
			buildRules = (
			);
			dependencies = (
			);
			name = "Movie Gallery iOS";
			productName = "Movie Gallery iOS";
			productReference = 8A2B56322A46B10F00366382 /* Movie Gallery iOS.app */;
			productType = "com.apple.product-type.application";
		};
		8A2B56472A46B11100366382 /* Movie Gallery iOSTests */ = {
			isa = PBXNativeTarget;
			buildConfigurationList = 8A2B565F2A46B11100366382 /* Build configuration list for PBXNativeTarget "Movie Gallery iOSTests" */;
			buildPhases = (
				8A2B56442A46B11100366382 /* Sources */,
				8A2B56452A46B11100366382 /* Frameworks */,
				8A2B56462A46B11100366382 /* Resources */,
			);
			buildRules = (
			);
			dependencies = (
				8A2B564A2A46B11100366382 /* PBXTargetDependency */,
			);
			name = "Movie Gallery iOSTests";
			productName = "Movie Gallery iOSTests";
			productReference = 8A2B56482A46B11100366382 /* Movie Gallery iOSTests.xctest */;
			productType = "com.apple.product-type.bundle.unit-test";
		};
		8A2B56512A46B11100366382 /* Movie Gallery iOSUITests */ = {
			isa = PBXNativeTarget;
			buildConfigurationList = 8A2B56622A46B11100366382 /* Build configuration list for PBXNativeTarget "Movie Gallery iOSUITests" */;
			buildPhases = (
				8A2B564E2A46B11100366382 /* Sources */,
				8A2B564F2A46B11100366382 /* Frameworks */,
				8A2B56502A46B11100366382 /* Resources */,
			);
			buildRules = (
			);
			dependencies = (
				8A2B56542A46B11100366382 /* PBXTargetDependency */,
			);
			name = "Movie Gallery iOSUITests";
			productName = "Movie Gallery iOSUITests";
			productReference = 8A2B56522A46B11100366382 /* Movie Gallery iOSUITests.xctest */;
			productType = "com.apple.product-type.bundle.ui-testing";
		};
/* End PBXNativeTarget section */

/* Begin PBXProject section */
		8A2B562A2A46B10E00366382 /* Project object */ = {
			isa = PBXProject;
			attributes = {
				BuildIndependentTargetsInParallel = 1;
				LastSwiftUpdateCheck = 1430;
				LastUpgradeCheck = 1430;
				TargetAttributes = {
					8A2B56312A46B10E00366382 = {
						CreatedOnToolsVersion = 14.3.1;
					};
					8A2B56472A46B11100366382 = {
						CreatedOnToolsVersion = 14.3.1;
						TestTargetID = 8A2B56312A46B10E00366382;
					};
					8A2B56512A46B11100366382 = {
						CreatedOnToolsVersion = 14.3.1;
						TestTargetID = 8A2B56312A46B10E00366382;
					};
				};
			};
			buildConfigurationList = 8A2B562D2A46B10E00366382 /* Build configuration list for PBXProject "Movie Gallery iOS" */;
			compatibilityVersion = "Xcode 14.0";
			developmentRegion = en;
			hasScannedForEncodings = 0;
			knownRegions = (
				en,
				Base,
			);
			mainGroup = 8A2B56292A46B10E00366382;
			productRefGroup = 8A2B56332A46B10F00366382 /* Products */;
			projectDirPath = "";
			projectRoot = "";
			targets = (
				8A2B56312A46B10E00366382 /* Movie Gallery iOS */,
				8A2B56472A46B11100366382 /* Movie Gallery iOSTests */,
				8A2B56512A46B11100366382 /* Movie Gallery iOSUITests */,
			);
		};
/* End PBXProject section */

/* Begin PBXResourcesBuildPhase section */
		8A2B56302A46B10E00366382 /* Resources */ = {
			isa = PBXResourcesBuildPhase;
			buildActionMask = 2147483647;
			files = (
				8A2B56422A46B11100366382 /* LaunchScreen.storyboard in Resources */,
				8A2B563F2A46B11100366382 /* Assets.xcassets in Resources */,
				8A2B563D2A46B10F00366382 /* Main.storyboard in Resources */,
			);
			runOnlyForDeploymentPostprocessing = 0;
		};
		8A2B56462A46B11100366382 /* Resources */ = {
			isa = PBXResourcesBuildPhase;
			buildActionMask = 2147483647;
			files = (
			);
			runOnlyForDeploymentPostprocessing = 0;
		};
		8A2B56502A46B11100366382 /* Resources */ = {
			isa = PBXResourcesBuildPhase;
			buildActionMask = 2147483647;
			files = (
			);
			runOnlyForDeploymentPostprocessing = 0;
		};
/* End PBXResourcesBuildPhase section */

/* Begin PBXSourcesBuildPhase section */
		8A2B562E2A46B10E00366382 /* Sources */ = {
			isa = PBXSourcesBuildPhase;
			buildActionMask = 2147483647;
			files = (
				8A2B563A2A46B10F00366382 /* ViewController.swift in Sources */,
				8AA382A72A49C01F00429905 /* Constants.swift in Sources */,
				8A53F4132A4D5CD6002174C9 /* MovieTableViewCell.swift in Sources */,
				8A53F40F2A4D4A8B002174C9 /* ApiService.swift in Sources */,
				8A53F4152A4D8E52002174C9 /* MovieDetailViewController.swift in Sources */,
				8AA382A92A49C10F00429905 /* MovieModel.swift in Sources */,
				8A2B56362A46B10F00366382 /* AppDelegate.swift in Sources */,
				8A2B56382A46B10F00366382 /* SceneDelegate.swift in Sources */,
				8A53F4192A4DBAF4002174C9 /* SearchMovieTableViewCell.swift in Sources */,
				8A53F4172A4DB3DA002174C9 /* SearchMovieViewController.swift in Sources */,
			);
			runOnlyForDeploymentPostprocessing = 0;
		};
		8A2B56442A46B11100366382 /* Sources */ = {
			isa = PBXSourcesBuildPhase;
			buildActionMask = 2147483647;
			files = (
				8A2B564D2A46B11100366382 /* Movie_Gallery_iOSTests.swift in Sources */,
			);
			runOnlyForDeploymentPostprocessing = 0;
		};
		8A2B564E2A46B11100366382 /* Sources */ = {
			isa = PBXSourcesBuildPhase;
			buildActionMask = 2147483647;
			files = (
				8A2B56592A46B11100366382 /* Movie_Gallery_iOSUITestsLaunchTests.swift in Sources */,
				8A2B56572A46B11100366382 /* Movie_Gallery_iOSUITests.swift in Sources */,
			);
			runOnlyForDeploymentPostprocessing = 0;
		};
/* End PBXSourcesBuildPhase section */

/* Begin PBXTargetDependency section */
		8A2B564A2A46B11100366382 /* PBXTargetDependency */ = {
			isa = PBXTargetDependency;
			target = 8A2B56312A46B10E00366382 /* Movie Gallery iOS */;
			targetProxy = 8A2B56492A46B11100366382 /* PBXContainerItemProxy */;
		};
		8A2B56542A46B11100366382 /* PBXTargetDependency */ = {
			isa = PBXTargetDependency;
			target = 8A2B56312A46B10E00366382 /* Movie Gallery iOS */;
			targetProxy = 8A2B56532A46B11100366382 /* PBXContainerItemProxy */;
		};
/* End PBXTargetDependency section */

/* Begin PBXVariantGroup section */
		8A2B563B2A46B10F00366382 /* Main.storyboard */ = {
			isa = PBXVariantGroup;
			children = (
				8A2B563C2A46B10F00366382 /* Base */,
			);
			name = Main.storyboard;
			sourceTree = "<group>";
		};
		8A2B56402A46B11100366382 /* LaunchScreen.storyboard */ = {
			isa = PBXVariantGroup;
			children = (
				8A2B56412A46B11100366382 /* Base */,
			);
			name = LaunchScreen.storyboard;
			sourceTree = "<group>";
		};
/* End PBXVariantGroup section */

/* Begin XCBuildConfiguration section */
		8A2B565A2A46B11100366382 /* Debug */ = {
			isa = XCBuildConfiguration;
			buildSettings = {
				ALWAYS_SEARCH_USER_PATHS = NO;
				CLANG_ANALYZER_NONNULL = YES;
				CLANG_ANALYZER_NUMBER_OBJECT_CONVERSION = YES_AGGRESSIVE;
				CLANG_CXX_LANGUAGE_STANDARD = "gnu++20";
				CLANG_ENABLE_MODULES = YES;
				CLANG_ENABLE_OBJC_ARC = YES;
				CLANG_ENABLE_OBJC_WEAK = YES;
				CLANG_WARN_BLOCK_CAPTURE_AUTORELEASING = YES;
				CLANG_WARN_BOOL_CONVERSION = YES;
				CLANG_WARN_COMMA = YES;
				CLANG_WARN_CONSTANT_CONVERSION = YES;
				CLANG_WARN_DEPRECATED_OBJC_IMPLEMENTATIONS = YES;
				CLANG_WARN_DIRECT_OBJC_ISA_USAGE = YES_ERROR;
				CLANG_WARN_DOCUMENTATION_COMMENTS = YES;
				CLANG_WARN_EMPTY_BODY = YES;
				CLANG_WARN_ENUM_CONVERSION = YES;
				CLANG_WARN_INFINITE_RECURSION = YES;
				CLANG_WARN_INT_CONVERSION = YES;
				CLANG_WARN_NON_LITERAL_NULL_CONVERSION = YES;
				CLANG_WARN_OBJC_IMPLICIT_RETAIN_SELF = YES;
				CLANG_WARN_OBJC_LITERAL_CONVERSION = YES;
				CLANG_WARN_OBJC_ROOT_CLASS = YES_ERROR;
				CLANG_WARN_QUOTED_INCLUDE_IN_FRAMEWORK_HEADER = YES;
				CLANG_WARN_RANGE_LOOP_ANALYSIS = YES;
				CLANG_WARN_STRICT_PROTOTYPES = YES;
				CLANG_WARN_SUSPICIOUS_MOVE = YES;
				CLANG_WARN_UNGUARDED_AVAILABILITY = YES_AGGRESSIVE;
				CLANG_WARN_UNREACHABLE_CODE = YES;
				CLANG_WARN__DUPLICATE_METHOD_MATCH = YES;
				COPY_PHASE_STRIP = NO;
				DEBUG_INFORMATION_FORMAT = dwarf;
				ENABLE_STRICT_OBJC_MSGSEND = YES;
				ENABLE_TESTABILITY = YES;
				GCC_C_LANGUAGE_STANDARD = gnu11;
				GCC_DYNAMIC_NO_PIC = NO;
				GCC_NO_COMMON_BLOCKS = YES;
				GCC_OPTIMIZATION_LEVEL = 0;
				GCC_PREPROCESSOR_DEFINITIONS = (
					"DEBUG=1",
					"$(inherited)",
				);
				GCC_WARN_64_TO_32_BIT_CONVERSION = YES;
				GCC_WARN_ABOUT_RETURN_TYPE = YES_ERROR;
				GCC_WARN_UNDECLARED_SELECTOR = YES;
				GCC_WARN_UNINITIALIZED_AUTOS = YES_AGGRESSIVE;
				GCC_WARN_UNUSED_FUNCTION = YES;
				GCC_WARN_UNUSED_VARIABLE = YES;
				IPHONEOS_DEPLOYMENT_TARGET = 16.4;
				MTL_ENABLE_DEBUG_INFO = INCLUDE_SOURCE;
				MTL_FAST_MATH = YES;
				ONLY_ACTIVE_ARCH = YES;
				SDKROOT = iphoneos;
				SWIFT_ACTIVE_COMPILATION_CONDITIONS = DEBUG;
				SWIFT_OPTIMIZATION_LEVEL = "-Onone";
			};
			name = Debug;
		};
		8A2B565B2A46B11100366382 /* Release */ = {
			isa = XCBuildConfiguration;
			buildSettings = {
				ALWAYS_SEARCH_USER_PATHS = NO;
				CLANG_ANALYZER_NONNULL = YES;
				CLANG_ANALYZER_NUMBER_OBJECT_CONVERSION = YES_AGGRESSIVE;
				CLANG_CXX_LANGUAGE_STANDARD = "gnu++20";
				CLANG_ENABLE_MODULES = YES;
				CLANG_ENABLE_OBJC_ARC = YES;
				CLANG_ENABLE_OBJC_WEAK = YES;
				CLANG_WARN_BLOCK_CAPTURE_AUTORELEASING = YES;
				CLANG_WARN_BOOL_CONVERSION = YES;
				CLANG_WARN_COMMA = YES;
				CLANG_WARN_CONSTANT_CONVERSION = YES;
				CLANG_WARN_DEPRECATED_OBJC_IMPLEMENTATIONS = YES;
				CLANG_WARN_DIRECT_OBJC_ISA_USAGE = YES_ERROR;
				CLANG_WARN_DOCUMENTATION_COMMENTS = YES;
				CLANG_WARN_EMPTY_BODY = YES;
				CLANG_WARN_ENUM_CONVERSION = YES;
				CLANG_WARN_INFINITE_RECURSION = YES;
				CLANG_WARN_INT_CONVERSION = YES;
				CLANG_WARN_NON_LITERAL_NULL_CONVERSION = YES;
				CLANG_WARN_OBJC_IMPLICIT_RETAIN_SELF = YES;
				CLANG_WARN_OBJC_LITERAL_CONVERSION = YES;
				CLANG_WARN_OBJC_ROOT_CLASS = YES_ERROR;
				CLANG_WARN_QUOTED_INCLUDE_IN_FRAMEWORK_HEADER = YES;
				CLANG_WARN_RANGE_LOOP_ANALYSIS = YES;
				CLANG_WARN_STRICT_PROTOTYPES = YES;
				CLANG_WARN_SUSPICIOUS_MOVE = YES;
				CLANG_WARN_UNGUARDED_AVAILABILITY = YES_AGGRESSIVE;
				CLANG_WARN_UNREACHABLE_CODE = YES;
				CLANG_WARN__DUPLICATE_METHOD_MATCH = YES;
				COPY_PHASE_STRIP = NO;
				DEBUG_INFORMATION_FORMAT = "dwarf-with-dsym";
				ENABLE_NS_ASSERTIONS = NO;
				ENABLE_STRICT_OBJC_MSGSEND = YES;
				GCC_C_LANGUAGE_STANDARD = gnu11;
				GCC_NO_COMMON_BLOCKS = YES;
				GCC_WARN_64_TO_32_BIT_CONVERSION = YES;
				GCC_WARN_ABOUT_RETURN_TYPE = YES_ERROR;
				GCC_WARN_UNDECLARED_SELECTOR = YES;
				GCC_WARN_UNINITIALIZED_AUTOS = YES_AGGRESSIVE;
				GCC_WARN_UNUSED_FUNCTION = YES;
				GCC_WARN_UNUSED_VARIABLE = YES;
				IPHONEOS_DEPLOYMENT_TARGET = 16.4;
				MTL_ENABLE_DEBUG_INFO = NO;
				MTL_FAST_MATH = YES;
				SDKROOT = iphoneos;
				SWIFT_COMPILATION_MODE = wholemodule;
				SWIFT_OPTIMIZATION_LEVEL = "-O";
				VALIDATE_PRODUCT = YES;
			};
			name = Release;
		};
		8A2B565D2A46B11100366382 /* Debug */ = {
			isa = XCBuildConfiguration;
			buildSettings = {
				ASSETCATALOG_COMPILER_APPICON_NAME = AppIcon;
				ASSETCATALOG_COMPILER_GLOBAL_ACCENT_COLOR_NAME = AccentColor;
				CODE_SIGN_STYLE = Automatic;
				CURRENT_PROJECT_VERSION = 1;
				GENERATE_INFOPLIST_FILE = YES;
				INFOPLIST_FILE = "Movie Gallery iOS/Info.plist";
				INFOPLIST_KEY_UIApplicationSupportsIndirectInputEvents = YES;
				INFOPLIST_KEY_UILaunchStoryboardName = LaunchScreen;
				INFOPLIST_KEY_UIMainStoryboardFile = Main;
				INFOPLIST_KEY_UISupportedInterfaceOrientations_iPad = "UIInterfaceOrientationPortrait UIInterfaceOrientationPortraitUpsideDown UIInterfaceOrientationLandscapeLeft UIInterfaceOrientationLandscapeRight";
				INFOPLIST_KEY_UISupportedInterfaceOrientations_iPhone = "UIInterfaceOrientationPortrait UIInterfaceOrientationLandscapeLeft UIInterfaceOrientationLandscapeRight";
				LD_RUNPATH_SEARCH_PATHS = (
					"$(inherited)",
					"@executable_path/Frameworks",
				);
				MARKETING_VERSION = 1.0;
				PRODUCT_BUNDLE_IDENTIFIER = "com.kiensengsaw.Movie-Gallery-iOS";
				PRODUCT_NAME = "$(TARGET_NAME)";
				SWIFT_EMIT_LOC_STRINGS = YES;
				SWIFT_VERSION = 5.0;
				TARGETED_DEVICE_FAMILY = "1,2";
			};
			name = Debug;
		};
		8A2B565E2A46B11100366382 /* Release */ = {
			isa = XCBuildConfiguration;
			buildSettings = {
				ASSETCATALOG_COMPILER_APPICON_NAME = AppIcon;
				ASSETCATALOG_COMPILER_GLOBAL_ACCENT_COLOR_NAME = AccentColor;
				CODE_SIGN_STYLE = Automatic;
				CURRENT_PROJECT_VERSION = 1;
				GENERATE_INFOPLIST_FILE = YES;
				INFOPLIST_FILE = "Movie Gallery iOS/Info.plist";
				INFOPLIST_KEY_UIApplicationSupportsIndirectInputEvents = YES;
				INFOPLIST_KEY_UILaunchStoryboardName = LaunchScreen;
				INFOPLIST_KEY_UIMainStoryboardFile = Main;
				INFOPLIST_KEY_UISupportedInterfaceOrientations_iPad = "UIInterfaceOrientationPortrait UIInterfaceOrientationPortraitUpsideDown UIInterfaceOrientationLandscapeLeft UIInterfaceOrientationLandscapeRight";
				INFOPLIST_KEY_UISupportedInterfaceOrientations_iPhone = "UIInterfaceOrientationPortrait UIInterfaceOrientationLandscapeLeft UIInterfaceOrientationLandscapeRight";
				LD_RUNPATH_SEARCH_PATHS = (
					"$(inherited)",
					"@executable_path/Frameworks",
				);
				MARKETING_VERSION = 1.0;
				PRODUCT_BUNDLE_IDENTIFIER = "com.kiensengsaw.Movie-Gallery-iOS";
				PRODUCT_NAME = "$(TARGET_NAME)";
				SWIFT_EMIT_LOC_STRINGS = YES;
				SWIFT_VERSION = 5.0;
				TARGETED_DEVICE_FAMILY = "1,2";
			};
			name = Release;
		};
		8A2B56602A46B11100366382 /* Debug */ = {
			isa = XCBuildConfiguration;
			buildSettings = {
				ALWAYS_EMBED_SWIFT_STANDARD_LIBRARIES = YES;
				BUNDLE_LOADER = "$(TEST_HOST)";
				CODE_SIGN_STYLE = Automatic;
				CURRENT_PROJECT_VERSION = 1;
				GENERATE_INFOPLIST_FILE = YES;
				IPHONEOS_DEPLOYMENT_TARGET = 16.4;
				MARKETING_VERSION = 1.0;
				PRODUCT_BUNDLE_IDENTIFIER = "com.kiensengsaw.Movie-Gallery-iOSTests";
				PRODUCT_NAME = "$(TARGET_NAME)";
				SWIFT_EMIT_LOC_STRINGS = NO;
				SWIFT_VERSION = 5.0;
				TARGETED_DEVICE_FAMILY = "1,2";
				TEST_HOST = "$(BUILT_PRODUCTS_DIR)/Movie Gallery iOS.app/$(BUNDLE_EXECUTABLE_FOLDER_PATH)/Movie Gallery iOS";
			};
			name = Debug;
		};
		8A2B56612A46B11100366382 /* Release */ = {
			isa = XCBuildConfiguration;
			buildSettings = {
				ALWAYS_EMBED_SWIFT_STANDARD_LIBRARIES = YES;
				BUNDLE_LOADER = "$(TEST_HOST)";
				CODE_SIGN_STYLE = Automatic;
				CURRENT_PROJECT_VERSION = 1;
				GENERATE_INFOPLIST_FILE = YES;
				IPHONEOS_DEPLOYMENT_TARGET = 16.4;
				MARKETING_VERSION = 1.0;
				PRODUCT_BUNDLE_IDENTIFIER = "com.kiensengsaw.Movie-Gallery-iOSTests";
				PRODUCT_NAME = "$(TARGET_NAME)";
				SWIFT_EMIT_LOC_STRINGS = NO;
				SWIFT_VERSION = 5.0;
				TARGETED_DEVICE_FAMILY = "1,2";
				TEST_HOST = "$(BUILT_PRODUCTS_DIR)/Movie Gallery iOS.app/$(BUNDLE_EXECUTABLE_FOLDER_PATH)/Movie Gallery iOS";
			};
			name = Release;
		};
		8A2B56632A46B11100366382 /* Debug */ = {
			isa = XCBuildConfiguration;
			buildSettings = {
				ALWAYS_EMBED_SWIFT_STANDARD_LIBRARIES = YES;
				CODE_SIGN_STYLE = Automatic;
				CURRENT_PROJECT_VERSION = 1;
				GENERATE_INFOPLIST_FILE = YES;
				MARKETING_VERSION = 1.0;
				PRODUCT_BUNDLE_IDENTIFIER = "com.kiensengsaw.Movie-Gallery-iOSUITests";
				PRODUCT_NAME = "$(TARGET_NAME)";
				SWIFT_EMIT_LOC_STRINGS = NO;
				SWIFT_VERSION = 5.0;
				TARGETED_DEVICE_FAMILY = "1,2";
				TEST_TARGET_NAME = "Movie Gallery iOS";
			};
			name = Debug;
		};
		8A2B56642A46B11100366382 /* Release */ = {
			isa = XCBuildConfiguration;
			buildSettings = {
				ALWAYS_EMBED_SWIFT_STANDARD_LIBRARIES = YES;
				CODE_SIGN_STYLE = Automatic;
				CURRENT_PROJECT_VERSION = 1;
				GENERATE_INFOPLIST_FILE = YES;
				MARKETING_VERSION = 1.0;
				PRODUCT_BUNDLE_IDENTIFIER = "com.kiensengsaw.Movie-Gallery-iOSUITests";
				PRODUCT_NAME = "$(TARGET_NAME)";
				SWIFT_EMIT_LOC_STRINGS = NO;
				SWIFT_VERSION = 5.0;
				TARGETED_DEVICE_FAMILY = "1,2";
				TEST_TARGET_NAME = "Movie Gallery iOS";
			};
			name = Release;
		};
/* End XCBuildConfiguration section */

/* Begin XCConfigurationList section */
		8A2B562D2A46B10E00366382 /* Build configuration list for PBXProject "Movie Gallery iOS" */ = {
			isa = XCConfigurationList;
			buildConfigurations = (
				8A2B565A2A46B11100366382 /* Debug */,
				8A2B565B2A46B11100366382 /* Release */,
			);
			defaultConfigurationIsVisible = 0;
			defaultConfigurationName = Release;
		};
		8A2B565C2A46B11100366382 /* Build configuration list for PBXNativeTarget "Movie Gallery iOS" */ = {
			isa = XCConfigurationList;
			buildConfigurations = (
				8A2B565D2A46B11100366382 /* Debug */,
				8A2B565E2A46B11100366382 /* Release */,
			);
			defaultConfigurationIsVisible = 0;
			defaultConfigurationName = Release;
		};
		8A2B565F2A46B11100366382 /* Build configuration list for PBXNativeTarget "Movie Gallery iOSTests" */ = {
			isa = XCConfigurationList;
			buildConfigurations = (
				8A2B56602A46B11100366382 /* Debug */,
				8A2B56612A46B11100366382 /* Release */,
			);
			defaultConfigurationIsVisible = 0;
			defaultConfigurationName = Release;
		};
		8A2B56622A46B11100366382 /* Build configuration list for PBXNativeTarget "Movie Gallery iOSUITests" */ = {
			isa = XCConfigurationList;
			buildConfigurations = (
				8A2B56632A46B11100366382 /* Debug */,
				8A2B56642A46B11100366382 /* Release */,
			);
			defaultConfigurationIsVisible = 0;
			defaultConfigurationName = Release;
		};
/* End XCConfigurationList section */
	};
	rootObject = 8A2B562A2A46B10E00366382 /* Project object */;
}
